// !$*UTF8*$!
{
	archiveVersion = 1;
	classes = {
	};
	objectVersion = 48;
	objects = {

/* Begin PBXBuildFile section */
		756A36AC1FFC14C100C81E72 /* ParkerlyCore.framework in Frameworks */ = {isa = PBXBuildFile; fileRef = 756A36A31FFC14C000C81E72 /* ParkerlyCore.framework */; };
		756A36B31FFC14C100C81E72 /* ParkerlyCoreTests.swift in Sources */ = {isa = PBXBuildFile; fileRef = 756A36B21FFC14C100C81E72 /* ParkerlyCoreTests.swift */; };
		756A36B51FFC14C100C81E72 /* ParkerlyCore.h in Headers */ = {isa = PBXBuildFile; fileRef = 756A36A51FFC14C100C81E72 /* ParkerlyCore.h */; settings = {ATTRIBUTES = (Public, ); }; };
		756A36B81FFC14C100C81E72 /* ParkerlyCore.framework in Frameworks */ = {isa = PBXBuildFile; fileRef = 756A36A31FFC14C000C81E72 /* ParkerlyCore.framework */; };
		756A36B91FFC14C100C81E72 /* ParkerlyCore.framework in Embed Frameworks */ = {isa = PBXBuildFile; fileRef = 756A36A31FFC14C000C81E72 /* ParkerlyCore.framework */; settings = {ATTRIBUTES = (CodeSignOnCopy, RemoveHeadersOnCopy, ); }; };
		75AB8CDB1FFBC57B0058297C /* Assets.xcassets in Resources */ = {isa = PBXBuildFile; fileRef = 75AB8CDA1FFBC57B0058297C /* Assets.xcassets */; };
		75AB8CE91FFBC57B0058297C /* ParkerlyTests.swift in Sources */ = {isa = PBXBuildFile; fileRef = 75AB8CE81FFBC57B0058297C /* ParkerlyTests.swift */; };
		A1357DEBE7AC1631CB1E4485 /* Pods_Parkerly.framework in Frameworks */ = {isa = PBXBuildFile; fileRef = 636BD3AC833D5E7BA187EDFF /* Pods_Parkerly.framework */; };
		D01BF051730C1CFC4224C334 /* Pods_ParkerlyTests.framework in Frameworks */ = {isa = PBXBuildFile; fileRef = DFC8BE4C687BDA9712BD6D57 /* Pods_ParkerlyTests.framework */; };
		F5AEB49D13A2BBE19BB17E3E /* FlowCoordinator.swift in Sources */ = {isa = PBXBuildFile; fileRef = F5AEBA639EF42D10AEDA0BD3 /* FlowCoordinator.swift */; };
		F5AEB79B7EDFACF55B89B47A /* TableSectionDataSource.swift in Sources */ = {isa = PBXBuildFile; fileRef = F5AEBE07B6062AEAE4EF81FF /* TableSectionDataSource.swift */; };
		F5AEB8239D6D93B51D875B96 /* UIViewControllerExtensions.swift in Sources */ = {isa = PBXBuildFile; fileRef = F5AEBCFD85398E49E65ABE48 /* UIViewControllerExtensions.swift */; };
		F5AEB91EBC2B871D210ABC44 /* ServiceLocator.swift in Sources */ = {isa = PBXBuildFile; fileRef = F5AEBDEFC2F57CD337251401 /* ServiceLocator.swift */; };
		F5AEB99CFF46F750C7B604EA /* AbstractTableWithButtonView.swift in Sources */ = {isa = PBXBuildFile; fileRef = F5AEB8AA934AA24B78BD8F8F /* AbstractTableWithButtonView.swift */; };
		F5AEBA07E6CE60657699338F /* AbstractTableWithButtonViewController.swift in Sources */ = {isa = PBXBuildFile; fileRef = F5AEBB46903F0823A9999017 /* AbstractTableWithButtonViewController.swift */; };
		F5AEBA15AE1B87B3D1F07339 /* AppDelegate.swift in Sources */ = {isa = PBXBuildFile; fileRef = F5AEBF42A8597A29347C8F19 /* AppDelegate.swift */; };
		F5AEBA8C4F792FE20818D5BC /* CollectionExtensions.swift in Sources */ = {isa = PBXBuildFile; fileRef = F5AEB4091EEF6553E24442FC /* CollectionExtensions.swift */; };
		F5AEBB3BABE95803B17E7F64 /* FilledButton.swift in Sources */ = {isa = PBXBuildFile; fileRef = F5AEBEF8A9CB9B1A38078483 /* FilledButton.swift */; };
		F5AEBB59DE124E570852158F /* RootViewController.swift in Sources */ = {isa = PBXBuildFile; fileRef = F5AEB6D2E3A96A59AFAF887D /* RootViewController.swift */; };
		F5AEBBD7B93D40A25091B7CC /* AppCoordinator.swift in Sources */ = {isa = PBXBuildFile; fileRef = F5AEB3672B82683C63BAF406 /* AppCoordinator.swift */; };
		F5AEBCB42D94F4B390CD35FE /* LaunchScreen.storyboard in Resources */ = {isa = PBXBuildFile; fileRef = F5AEB537E1598673EDDF193C /* LaunchScreen.storyboard */; };
		F5AEBD2D4F9E05B7F9C1ACA5 /* UIViewExtensions.swift in Sources */ = {isa = PBXBuildFile; fileRef = F5AEBDEA79836E259785AF1A /* UIViewExtensions.swift */; };
		F5AEBE14F2CD9695536F3F2D /* LoginCoordinator.swift in Sources */ = {isa = PBXBuildFile; fileRef = F5AEB1F37CBE8C34F3C574BB /* LoginCoordinator.swift */; };
		F5AEBE80A4FC2EF72F87B492 /* ContainerViewController.swift in Sources */ = {isa = PBXBuildFile; fileRef = F5AEB3AF447792C7E4C70F0F /* ContainerViewController.swift */; };
		F5AEBF597B6ACDDC59AAB9B3 /* AbstractTableWithButtonViewModel.swift in Sources */ = {isa = PBXBuildFile; fileRef = F5AEB7520B0EACE9C4EF7092 /* AbstractTableWithButtonViewModel.swift */; };
/* End PBXBuildFile section */

/* Begin PBXContainerItemProxy section */
		756A36AD1FFC14C100C81E72 /* PBXContainerItemProxy */ = {
			isa = PBXContainerItemProxy;
			containerPortal = 75AB8CC81FFBC57B0058297C /* Project object */;
			proxyType = 1;
			remoteGlobalIDString = 756A36A21FFC14C000C81E72;
			remoteInfo = ParkerlyCore;
		};
		756A36AF1FFC14C100C81E72 /* PBXContainerItemProxy */ = {
			isa = PBXContainerItemProxy;
			containerPortal = 75AB8CC81FFBC57B0058297C /* Project object */;
			proxyType = 1;
			remoteGlobalIDString = 75AB8CCF1FFBC57B0058297C;
			remoteInfo = Parkerly;
		};
		756A36B61FFC14C100C81E72 /* PBXContainerItemProxy */ = {
			isa = PBXContainerItemProxy;
			containerPortal = 75AB8CC81FFBC57B0058297C /* Project object */;
			proxyType = 1;
			remoteGlobalIDString = 756A36A21FFC14C000C81E72;
			remoteInfo = ParkerlyCore;
		};
		75AB8CE51FFBC57B0058297C /* PBXContainerItemProxy */ = {
			isa = PBXContainerItemProxy;
			containerPortal = 75AB8CC81FFBC57B0058297C /* Project object */;
			proxyType = 1;
			remoteGlobalIDString = 75AB8CCF1FFBC57B0058297C;
			remoteInfo = Parkerly;
		};
/* End PBXContainerItemProxy section */

/* Begin PBXCopyFilesBuildPhase section */
		756A36BF1FFC14C100C81E72 /* Embed Frameworks */ = {
			isa = PBXCopyFilesBuildPhase;
			buildActionMask = 2147483647;
			dstPath = "";
			dstSubfolderSpec = 10;
			files = (
				756A36B91FFC14C100C81E72 /* ParkerlyCore.framework in Embed Frameworks */,
			);
			name = "Embed Frameworks";
			runOnlyForDeploymentPostprocessing = 0;
		};
/* End PBXCopyFilesBuildPhase section */

/* Begin PBXFileReference section */
		5E263CFE71A3FE861F16ADA8 /* Pods-ParkerlyTests.release.xcconfig */ = {isa = PBXFileReference; includeInIndex = 1; lastKnownFileType = text.xcconfig; name = "Pods-ParkerlyTests.release.xcconfig"; path = "Pods/Target Support Files/Pods-ParkerlyTests/Pods-ParkerlyTests.release.xcconfig"; sourceTree = "<group>"; };
		636BD3AC833D5E7BA187EDFF /* Pods_Parkerly.framework */ = {isa = PBXFileReference; explicitFileType = wrapper.framework; includeInIndex = 0; path = Pods_Parkerly.framework; sourceTree = BUILT_PRODUCTS_DIR; };
		6A0059673C3008EF4DAAFA81 /* Pods-ParkerlyTests.debug.xcconfig */ = {isa = PBXFileReference; includeInIndex = 1; lastKnownFileType = text.xcconfig; name = "Pods-ParkerlyTests.debug.xcconfig"; path = "Pods/Target Support Files/Pods-ParkerlyTests/Pods-ParkerlyTests.debug.xcconfig"; sourceTree = "<group>"; };
		756A36A31FFC14C000C81E72 /* ParkerlyCore.framework */ = {isa = PBXFileReference; explicitFileType = wrapper.framework; includeInIndex = 0; path = ParkerlyCore.framework; sourceTree = BUILT_PRODUCTS_DIR; };
		756A36A51FFC14C100C81E72 /* ParkerlyCore.h */ = {isa = PBXFileReference; lastKnownFileType = sourcecode.c.h; path = ParkerlyCore.h; sourceTree = "<group>"; };
		756A36A61FFC14C100C81E72 /* Info.plist */ = {isa = PBXFileReference; lastKnownFileType = text.plist.xml; path = Info.plist; sourceTree = "<group>"; };
		756A36AB1FFC14C100C81E72 /* ParkerlyCoreTests.xctest */ = {isa = PBXFileReference; explicitFileType = wrapper.cfbundle; includeInIndex = 0; path = ParkerlyCoreTests.xctest; sourceTree = BUILT_PRODUCTS_DIR; };
		756A36B21FFC14C100C81E72 /* ParkerlyCoreTests.swift */ = {isa = PBXFileReference; lastKnownFileType = sourcecode.swift; path = ParkerlyCoreTests.swift; sourceTree = "<group>"; };
		756A36B41FFC14C100C81E72 /* Info.plist */ = {isa = PBXFileReference; lastKnownFileType = text.plist.xml; path = Info.plist; sourceTree = "<group>"; };
		75AB8CD01FFBC57B0058297C /* Parkerly.app */ = {isa = PBXFileReference; explicitFileType = wrapper.application; includeInIndex = 0; path = Parkerly.app; sourceTree = BUILT_PRODUCTS_DIR; };
		75AB8CDA1FFBC57B0058297C /* Assets.xcassets */ = {isa = PBXFileReference; lastKnownFileType = folder.assetcatalog; path = Assets.xcassets; sourceTree = "<group>"; };
		75AB8CE41FFBC57B0058297C /* ParkerlyTests.xctest */ = {isa = PBXFileReference; explicitFileType = wrapper.cfbundle; includeInIndex = 0; path = ParkerlyTests.xctest; sourceTree = BUILT_PRODUCTS_DIR; };
		75AB8CE81FFBC57B0058297C /* ParkerlyTests.swift */ = {isa = PBXFileReference; lastKnownFileType = sourcecode.swift; path = ParkerlyTests.swift; sourceTree = "<group>"; };
		75AB8CEA1FFBC57B0058297C /* Info.plist */ = {isa = PBXFileReference; lastKnownFileType = text.plist.xml; path = Info.plist; sourceTree = "<group>"; };
		83A6C6FE0FD2BC1D420D2878 /* Pods-Parkerly.debug.xcconfig */ = {isa = PBXFileReference; includeInIndex = 1; lastKnownFileType = text.xcconfig; name = "Pods-Parkerly.debug.xcconfig"; path = "Pods/Target Support Files/Pods-Parkerly/Pods-Parkerly.debug.xcconfig"; sourceTree = "<group>"; };
		DFC8BE4C687BDA9712BD6D57 /* Pods_ParkerlyTests.framework */ = {isa = PBXFileReference; explicitFileType = wrapper.framework; includeInIndex = 0; path = Pods_ParkerlyTests.framework; sourceTree = BUILT_PRODUCTS_DIR; };
		F5AEB1F37CBE8C34F3C574BB /* LoginCoordinator.swift */ = {isa = PBXFileReference; fileEncoding = 4; lastKnownFileType = sourcecode.swift; path = LoginCoordinator.swift; sourceTree = "<group>"; };
		F5AEB3672B82683C63BAF406 /* AppCoordinator.swift */ = {isa = PBXFileReference; fileEncoding = 4; lastKnownFileType = sourcecode.swift; path = AppCoordinator.swift; sourceTree = "<group>"; };
		F5AEB3AF447792C7E4C70F0F /* ContainerViewController.swift */ = {isa = PBXFileReference; fileEncoding = 4; lastKnownFileType = sourcecode.swift; path = ContainerViewController.swift; sourceTree = "<group>"; };
		F5AEB4091EEF6553E24442FC /* CollectionExtensions.swift */ = {isa = PBXFileReference; fileEncoding = 4; lastKnownFileType = sourcecode.swift; path = CollectionExtensions.swift; sourceTree = "<group>"; };
		F5AEB6D2E3A96A59AFAF887D /* RootViewController.swift */ = {isa = PBXFileReference; fileEncoding = 4; lastKnownFileType = sourcecode.swift; path = RootViewController.swift; sourceTree = "<group>"; };
		F5AEB7520B0EACE9C4EF7092 /* AbstractTableWithButtonViewModel.swift */ = {isa = PBXFileReference; fileEncoding = 4; lastKnownFileType = sourcecode.swift; path = AbstractTableWithButtonViewModel.swift; sourceTree = "<group>"; };
		F5AEB788AE6F33938B93ADAB /* Base */ = {isa = PBXFileReference; lastKnownFileType = file.storyboard; name = Base; path = Parkerly/Base.lproj/LaunchScreen.storyboard; sourceTree = SOURCE_ROOT; };
		F5AEB85B880B011A54729E87 /* Info.plist */ = {isa = PBXFileReference; fileEncoding = 4; lastKnownFileType = text.plist.info; path = Info.plist; sourceTree = "<group>"; };
		F5AEB8AA934AA24B78BD8F8F /* AbstractTableWithButtonView.swift */ = {isa = PBXFileReference; fileEncoding = 4; lastKnownFileType = sourcecode.swift; path = AbstractTableWithButtonView.swift; sourceTree = "<group>"; };
		F5AEBA639EF42D10AEDA0BD3 /* FlowCoordinator.swift */ = {isa = PBXFileReference; fileEncoding = 4; lastKnownFileType = sourcecode.swift; path = FlowCoordinator.swift; sourceTree = "<group>"; };
		F5AEBB46903F0823A9999017 /* AbstractTableWithButtonViewController.swift */ = {isa = PBXFileReference; fileEncoding = 4; lastKnownFileType = sourcecode.swift; path = AbstractTableWithButtonViewController.swift; sourceTree = "<group>"; };
		F5AEBCFD85398E49E65ABE48 /* UIViewControllerExtensions.swift */ = {isa = PBXFileReference; fileEncoding = 4; lastKnownFileType = sourcecode.swift; path = UIViewControllerExtensions.swift; sourceTree = "<group>"; };
		F5AEBDEA79836E259785AF1A /* UIViewExtensions.swift */ = {isa = PBXFileReference; fileEncoding = 4; lastKnownFileType = sourcecode.swift; path = UIViewExtensions.swift; sourceTree = "<group>"; };
		F5AEBDEFC2F57CD337251401 /* ServiceLocator.swift */ = {isa = PBXFileReference; fileEncoding = 4; lastKnownFileType = sourcecode.swift; path = ServiceLocator.swift; sourceTree = "<group>"; };
		F5AEBE07B6062AEAE4EF81FF /* TableSectionDataSource.swift */ = {isa = PBXFileReference; fileEncoding = 4; lastKnownFileType = sourcecode.swift; path = TableSectionDataSource.swift; sourceTree = "<group>"; };
		F5AEBEF8A9CB9B1A38078483 /* FilledButton.swift */ = {isa = PBXFileReference; fileEncoding = 4; lastKnownFileType = sourcecode.swift; path = FilledButton.swift; sourceTree = "<group>"; };
		F5AEBF42A8597A29347C8F19 /* AppDelegate.swift */ = {isa = PBXFileReference; fileEncoding = 4; lastKnownFileType = sourcecode.swift; path = AppDelegate.swift; sourceTree = "<group>"; };
		FC63E1BB0F8BB7FDEDBB2467 /* Pods-Parkerly.release.xcconfig */ = {isa = PBXFileReference; includeInIndex = 1; lastKnownFileType = text.xcconfig; name = "Pods-Parkerly.release.xcconfig"; path = "Pods/Target Support Files/Pods-Parkerly/Pods-Parkerly.release.xcconfig"; sourceTree = "<group>"; };
/* End PBXFileReference section */

/* Begin PBXFrameworksBuildPhase section */
		756A369F1FFC14C000C81E72 /* Frameworks */ = {
			isa = PBXFrameworksBuildPhase;
			buildActionMask = 2147483647;
			files = (
			);
			runOnlyForDeploymentPostprocessing = 0;
		};
		756A36A81FFC14C100C81E72 /* Frameworks */ = {
			isa = PBXFrameworksBuildPhase;
			buildActionMask = 2147483647;
			files = (
				756A36AC1FFC14C100C81E72 /* ParkerlyCore.framework in Frameworks */,
			);
			runOnlyForDeploymentPostprocessing = 0;
		};
		75AB8CCD1FFBC57B0058297C /* Frameworks */ = {
			isa = PBXFrameworksBuildPhase;
			buildActionMask = 2147483647;
			files = (
				A1357DEBE7AC1631CB1E4485 /* Pods_Parkerly.framework in Frameworks */,
				756A36B81FFC14C100C81E72 /* ParkerlyCore.framework in Frameworks */,
			);
			runOnlyForDeploymentPostprocessing = 0;
		};
		75AB8CE11FFBC57B0058297C /* Frameworks */ = {
			isa = PBXFrameworksBuildPhase;
			buildActionMask = 2147483647;
			files = (
				D01BF051730C1CFC4224C334 /* Pods_ParkerlyTests.framework in Frameworks */,
			);
			runOnlyForDeploymentPostprocessing = 0;
		};
/* End PBXFrameworksBuildPhase section */

/* Begin PBXGroup section */
		3A79A377409A72DDFDA860D3 /* Pods */ = {
			isa = PBXGroup;
			children = (
				83A6C6FE0FD2BC1D420D2878 /* Pods-Parkerly.debug.xcconfig */,
				FC63E1BB0F8BB7FDEDBB2467 /* Pods-Parkerly.release.xcconfig */,
				6A0059673C3008EF4DAAFA81 /* Pods-ParkerlyTests.debug.xcconfig */,
				5E263CFE71A3FE861F16ADA8 /* Pods-ParkerlyTests.release.xcconfig */,
			);
			name = Pods;
			sourceTree = "<group>";
		};
		756A36A41FFC14C100C81E72 /* ParkerlyCore */ = {
			isa = PBXGroup;
			children = (
				756A36A51FFC14C100C81E72 /* ParkerlyCore.h */,
				756A36A61FFC14C100C81E72 /* Info.plist */,
				F5AEB19E2DDE0B8CB77C3E3E /* Services */,
				F5AEB70DE2CBC58797C2118B /* Models */,
				F5AEBF7F73A17E7028A4EBC5 /* Extensions */,
			);
			path = ParkerlyCore;
			sourceTree = "<group>";
		};
		756A36B11FFC14C100C81E72 /* ParkerlyCoreTests */ = {
			isa = PBXGroup;
			children = (
				756A36B21FFC14C100C81E72 /* ParkerlyCoreTests.swift */,
				756A36B41FFC14C100C81E72 /* Info.plist */,
			);
			path = ParkerlyCoreTests;
			sourceTree = "<group>";
		};
		75AB8CC71FFBC57B0058297C = {
			isa = PBXGroup;
			children = (
				75AB8CD21FFBC57B0058297C /* Parkerly */,
				75AB8CE71FFBC57B0058297C /* ParkerlyTests */,
				756A36A41FFC14C100C81E72 /* ParkerlyCore */,
				756A36B11FFC14C100C81E72 /* ParkerlyCoreTests */,
				75AB8CD11FFBC57B0058297C /* Products */,
				3A79A377409A72DDFDA860D3 /* Pods */,
				C718617607583B892B3BDFA0 /* Frameworks */,
			);
			sourceTree = "<group>";
		};
		75AB8CD11FFBC57B0058297C /* Products */ = {
			isa = PBXGroup;
			children = (
				75AB8CD01FFBC57B0058297C /* Parkerly.app */,
				75AB8CE41FFBC57B0058297C /* ParkerlyTests.xctest */,
				756A36A31FFC14C000C81E72 /* ParkerlyCore.framework */,
				756A36AB1FFC14C100C81E72 /* ParkerlyCoreTests.xctest */,
			);
			name = Products;
			sourceTree = "<group>";
		};
		75AB8CD21FFBC57B0058297C /* Parkerly */ = {
			isa = PBXGroup;
			children = (
				75AB8CDA1FFBC57B0058297C /* Assets.xcassets */,
				F5AEBAEAA9810CB9185E9DF9 /* Flows */,
				F5AEBFEA0C0EB5BF14B2ECDF /* Scaffolding */,
				F5AEB3A48E9AAC17A5F719F9 /* Extensions */,
				F5AEB7C950927B2CD65C4E7E /* Launch */,
			);
			path = Parkerly;
			sourceTree = "<group>";
		};
		75AB8CE71FFBC57B0058297C /* ParkerlyTests */ = {
			isa = PBXGroup;
			children = (
				75AB8CE81FFBC57B0058297C /* ParkerlyTests.swift */,
				75AB8CEA1FFBC57B0058297C /* Info.plist */,
			);
			path = ParkerlyTests;
			sourceTree = "<group>";
		};
		C718617607583B892B3BDFA0 /* Frameworks */ = {
			isa = PBXGroup;
			children = (
				636BD3AC833D5E7BA187EDFF /* Pods_Parkerly.framework */,
				DFC8BE4C687BDA9712BD6D57 /* Pods_ParkerlyTests.framework */,
			);
			name = Frameworks;
			sourceTree = "<group>";
		};
		F5AEB19E2DDE0B8CB77C3E3E /* Services */ = {
			isa = PBXGroup;
			children = (
				F5AEBDEFC2F57CD337251401 /* ServiceLocator.swift */,
			);
			path = Services;
			sourceTree = "<group>";
		};
		F5AEB3A48E9AAC17A5F719F9 /* Extensions */ = {
			isa = PBXGroup;
			children = (
				F5AEBCFD85398E49E65ABE48 /* UIViewControllerExtensions.swift */,
				F5AEBDEA79836E259785AF1A /* UIViewExtensions.swift */,
			);
			path = Extensions;
			sourceTree = "<group>";
		};
		F5AEB50F12E4F508D579FDE0 /* Views */ = {
			isa = PBXGroup;
			children = (
				F5AEBEF8A9CB9B1A38078483 /* FilledButton.swift */,
			);
			path = Views;
			sourceTree = "<group>";
		};
		F5AEB600C915F2B669D15C05 /* AbstractTableWithButton */ = {
			isa = PBXGroup;
			children = (
				F5AEBB46903F0823A9999017 /* AbstractTableWithButtonViewController.swift */,
				F5AEB8AA934AA24B78BD8F8F /* AbstractTableWithButtonView.swift */,
				F5AEB7520B0EACE9C4EF7092 /* AbstractTableWithButtonViewModel.swift */,
			);
			path = AbstractTableWithButton;
			sourceTree = "<group>";
		};
		F5AEB70DE2CBC58797C2118B /* Models */ = {
			isa = PBXGroup;
			children = (
			);
			path = Models;
			sourceTree = "<group>";
		};
		F5AEB7C950927B2CD65C4E7E /* Launch */ = {
			isa = PBXGroup;
			children = (
				F5AEBF42A8597A29347C8F19 /* AppDelegate.swift */,
				F5AEB85B880B011A54729E87 /* Info.plist */,
				F5AEB537E1598673EDDF193C /* LaunchScreen.storyboard */,
				F5AEB3672B82683C63BAF406 /* AppCoordinator.swift */,
			);
			path = Launch;
			sourceTree = "<group>";
		};
		F5AEB7E32EBE4F31489CAEA5 /* Collections */ = {
			isa = PBXGroup;
			children = (
				F5AEB600C915F2B669D15C05 /* AbstractTableWithButton */,
				F5AEBE07B6062AEAE4EF81FF /* TableSectionDataSource.swift */,
			);
			path = Collections;
			sourceTree = "<group>";
		};
		F5AEBAEAA9810CB9185E9DF9 /* Flows */ = {
			isa = PBXGroup;
			children = (
				F5AEBBF988AF744759DC4526 /* Login */,
				F5AEBA639EF42D10AEDA0BD3 /* FlowCoordinator.swift */,
			);
			path = Flows;
			sourceTree = "<group>";
		};
		F5AEBBF988AF744759DC4526 /* Login */ = {
			isa = PBXGroup;
			children = (
				F5AEB1F37CBE8C34F3C574BB /* LoginCoordinator.swift */,
			);
			path = Login;
			sourceTree = "<group>";
		};
		F5AEBF7F73A17E7028A4EBC5 /* Extensions */ = {
			isa = PBXGroup;
			children = (
				F5AEB4091EEF6553E24442FC /* CollectionExtensions.swift */,
			);
			path = Extensions;
			sourceTree = "<group>";
		};
		F5AEBFEA0C0EB5BF14B2ECDF /* Scaffolding */ = {
			isa = PBXGroup;
			children = (
				F5AEB6D2E3A96A59AFAF887D /* RootViewController.swift */,
				F5AEB3AF447792C7E4C70F0F /* ContainerViewController.swift */,
				F5AEB50F12E4F508D579FDE0 /* Views */,
				F5AEB7E32EBE4F31489CAEA5 /* Collections */,
			);
			path = Scaffolding;
			sourceTree = "<group>";
		};
/* End PBXGroup section */

/* Begin PBXHeadersBuildPhase section */
		756A36A01FFC14C000C81E72 /* Headers */ = {
			isa = PBXHeadersBuildPhase;
			buildActionMask = 2147483647;
			files = (
				756A36B51FFC14C100C81E72 /* ParkerlyCore.h in Headers */,
			);
			runOnlyForDeploymentPostprocessing = 0;
		};
/* End PBXHeadersBuildPhase section */

/* Begin PBXNativeTarget section */
		756A36A21FFC14C000C81E72 /* ParkerlyCore */ = {
			isa = PBXNativeTarget;
			buildConfigurationList = 756A36BE1FFC14C100C81E72 /* Build configuration list for PBXNativeTarget "ParkerlyCore" */;
			buildPhases = (
				756A369E1FFC14C000C81E72 /* Sources */,
				756A369F1FFC14C000C81E72 /* Frameworks */,
				756A36A01FFC14C000C81E72 /* Headers */,
				756A36A11FFC14C000C81E72 /* Resources */,
			);
			buildRules = (
			);
			dependencies = (
			);
			name = ParkerlyCore;
			productName = ParkerlyCore;
			productReference = 756A36A31FFC14C000C81E72 /* ParkerlyCore.framework */;
			productType = "com.apple.product-type.framework";
		};
		756A36AA1FFC14C100C81E72 /* ParkerlyCoreTests */ = {
			isa = PBXNativeTarget;
			buildConfigurationList = 756A36C01FFC14C100C81E72 /* Build configuration list for PBXNativeTarget "ParkerlyCoreTests" */;
			buildPhases = (
				756A36A71FFC14C100C81E72 /* Sources */,
				756A36A81FFC14C100C81E72 /* Frameworks */,
				756A36A91FFC14C100C81E72 /* Resources */,
			);
			buildRules = (
			);
			dependencies = (
				756A36AE1FFC14C100C81E72 /* PBXTargetDependency */,
				756A36B01FFC14C100C81E72 /* PBXTargetDependency */,
			);
			name = ParkerlyCoreTests;
			productName = ParkerlyCoreTests;
			productReference = 756A36AB1FFC14C100C81E72 /* ParkerlyCoreTests.xctest */;
			productType = "com.apple.product-type.bundle.unit-test";
		};
		75AB8CCF1FFBC57B0058297C /* Parkerly */ = {
			isa = PBXNativeTarget;
			buildConfigurationList = 75AB8CED1FFBC57B0058297C /* Build configuration list for PBXNativeTarget "Parkerly" */;
			buildPhases = (
				C75540FEC4A48CA22C9F7648 /* [CP] Check Pods Manifest.lock */,
				75AB8CCC1FFBC57B0058297C /* Sources */,
				75AB8CCD1FFBC57B0058297C /* Frameworks */,
				75AB8CCE1FFBC57B0058297C /* Resources */,
				476EFD718574C13DA7FA9EFF /* [CP] Embed Pods Frameworks */,
				BF5B3E63AEECF1A1D16DCD26 /* [CP] Copy Pods Resources */,
				756A36BF1FFC14C100C81E72 /* Embed Frameworks */,
			);
			buildRules = (
			);
			dependencies = (
				756A36B71FFC14C100C81E72 /* PBXTargetDependency */,
			);
			name = Parkerly;
			productName = Parkerly;
			productReference = 75AB8CD01FFBC57B0058297C /* Parkerly.app */;
			productType = "com.apple.product-type.application";
		};
		75AB8CE31FFBC57B0058297C /* ParkerlyTests */ = {
			isa = PBXNativeTarget;
			buildConfigurationList = 75AB8CF01FFBC57B0058297C /* Build configuration list for PBXNativeTarget "ParkerlyTests" */;
			buildPhases = (
				586378B5A1676A94F52DC9E7 /* [CP] Check Pods Manifest.lock */,
				75AB8CE01FFBC57B0058297C /* Sources */,
				75AB8CE11FFBC57B0058297C /* Frameworks */,
				75AB8CE21FFBC57B0058297C /* Resources */,
				F1F1CBBE725F61051D826B12 /* [CP] Embed Pods Frameworks */,
				D0DCC5EB3A9E4A9810978A3D /* [CP] Copy Pods Resources */,
			);
			buildRules = (
			);
			dependencies = (
				75AB8CE61FFBC57B0058297C /* PBXTargetDependency */,
			);
			name = ParkerlyTests;
			productName = ParkerlyTests;
			productReference = 75AB8CE41FFBC57B0058297C /* ParkerlyTests.xctest */;
			productType = "com.apple.product-type.bundle.unit-test";
		};
/* End PBXNativeTarget section */

/* Begin PBXProject section */
		75AB8CC81FFBC57B0058297C /* Project object */ = {
			isa = PBXProject;
			attributes = {
				LastSwiftUpdateCheck = 0920;
				LastUpgradeCheck = 0920;
				ORGANIZATIONNAME = "Zmicier Zaleznicenka";
				TargetAttributes = {
					756A36A21FFC14C000C81E72 = {
						CreatedOnToolsVersion = 9.2;
						ProvisioningStyle = Automatic;
					};
					756A36AA1FFC14C100C81E72 = {
						CreatedOnToolsVersion = 9.2;
						ProvisioningStyle = Automatic;
						TestTargetID = 75AB8CCF1FFBC57B0058297C;
					};
					75AB8CCF1FFBC57B0058297C = {
						CreatedOnToolsVersion = 9.2;
						ProvisioningStyle = Automatic;
					};
					75AB8CE31FFBC57B0058297C = {
						CreatedOnToolsVersion = 9.2;
						ProvisioningStyle = Automatic;
						TestTargetID = 75AB8CCF1FFBC57B0058297C;
					};
				};
			};
			buildConfigurationList = 75AB8CCB1FFBC57B0058297C /* Build configuration list for PBXProject "Parkerly" */;
			compatibilityVersion = "Xcode 8.0";
			developmentRegion = en;
			hasScannedForEncodings = 0;
			knownRegions = (
				en,
				Base,
			);
			mainGroup = 75AB8CC71FFBC57B0058297C;
			productRefGroup = 75AB8CD11FFBC57B0058297C /* Products */;
			projectDirPath = "";
			projectRoot = "";
			targets = (
				75AB8CCF1FFBC57B0058297C /* Parkerly */,
				75AB8CE31FFBC57B0058297C /* ParkerlyTests */,
				756A36A21FFC14C000C81E72 /* ParkerlyCore */,
				756A36AA1FFC14C100C81E72 /* ParkerlyCoreTests */,
			);
		};
/* End PBXProject section */

/* Begin PBXResourcesBuildPhase section */
		756A36A11FFC14C000C81E72 /* Resources */ = {
			isa = PBXResourcesBuildPhase;
			buildActionMask = 2147483647;
			files = (
			);
			runOnlyForDeploymentPostprocessing = 0;
		};
		756A36A91FFC14C100C81E72 /* Resources */ = {
			isa = PBXResourcesBuildPhase;
			buildActionMask = 2147483647;
			files = (
			);
			runOnlyForDeploymentPostprocessing = 0;
		};
		75AB8CCE1FFBC57B0058297C /* Resources */ = {
			isa = PBXResourcesBuildPhase;
			buildActionMask = 2147483647;
			files = (
				75AB8CDB1FFBC57B0058297C /* Assets.xcassets in Resources */,
				F5AEBCB42D94F4B390CD35FE /* LaunchScreen.storyboard in Resources */,
			);
			runOnlyForDeploymentPostprocessing = 0;
		};
		75AB8CE21FFBC57B0058297C /* Resources */ = {
			isa = PBXResourcesBuildPhase;
			buildActionMask = 2147483647;
			files = (
			);
			runOnlyForDeploymentPostprocessing = 0;
		};
/* End PBXResourcesBuildPhase section */

/* Begin PBXShellScriptBuildPhase section */
		476EFD718574C13DA7FA9EFF /* [CP] Embed Pods Frameworks */ = {
			isa = PBXShellScriptBuildPhase;
			buildActionMask = 2147483647;
			files = (
			);
			inputPaths = (
			);
			name = "[CP] Embed Pods Frameworks";
			outputPaths = (
			);
			runOnlyForDeploymentPostprocessing = 0;
			shellPath = /bin/sh;
			shellScript = "\"${SRCROOT}/Pods/Target Support Files/Pods-Parkerly/Pods-Parkerly-frameworks.sh\"\n";
			showEnvVarsInLog = 0;
		};
		586378B5A1676A94F52DC9E7 /* [CP] Check Pods Manifest.lock */ = {
			isa = PBXShellScriptBuildPhase;
			buildActionMask = 2147483647;
			files = (
			);
			inputPaths = (
			);
			name = "[CP] Check Pods Manifest.lock";
			outputPaths = (
			);
			runOnlyForDeploymentPostprocessing = 0;
			shellPath = /bin/sh;
			shellScript = "diff \"${PODS_PODFILE_DIR_PATH}/Podfile.lock\" \"${PODS_ROOT}/Manifest.lock\" > /dev/null\nif [ $? != 0 ] ; then\n    # print error to STDERR\n    echo \"error: The sandbox is not in sync with the Podfile.lock. Run 'pod install' or update your CocoaPods installation.\" >&2\n    exit 1\nfi\n";
			showEnvVarsInLog = 0;
		};
		BF5B3E63AEECF1A1D16DCD26 /* [CP] Copy Pods Resources */ = {
			isa = PBXShellScriptBuildPhase;
			buildActionMask = 2147483647;
			files = (
			);
			inputPaths = (
			);
			name = "[CP] Copy Pods Resources";
			outputPaths = (
			);
			runOnlyForDeploymentPostprocessing = 0;
			shellPath = /bin/sh;
			shellScript = "\"${SRCROOT}/Pods/Target Support Files/Pods-Parkerly/Pods-Parkerly-resources.sh\"\n";
			showEnvVarsInLog = 0;
		};
		C75540FEC4A48CA22C9F7648 /* [CP] Check Pods Manifest.lock */ = {
			isa = PBXShellScriptBuildPhase;
			buildActionMask = 2147483647;
			files = (
			);
			inputPaths = (
			);
			name = "[CP] Check Pods Manifest.lock";
			outputPaths = (
			);
			runOnlyForDeploymentPostprocessing = 0;
			shellPath = /bin/sh;
			shellScript = "diff \"${PODS_PODFILE_DIR_PATH}/Podfile.lock\" \"${PODS_ROOT}/Manifest.lock\" > /dev/null\nif [ $? != 0 ] ; then\n    # print error to STDERR\n    echo \"error: The sandbox is not in sync with the Podfile.lock. Run 'pod install' or update your CocoaPods installation.\" >&2\n    exit 1\nfi\n";
			showEnvVarsInLog = 0;
		};
		D0DCC5EB3A9E4A9810978A3D /* [CP] Copy Pods Resources */ = {
			isa = PBXShellScriptBuildPhase;
			buildActionMask = 2147483647;
			files = (
			);
			inputPaths = (
			);
			name = "[CP] Copy Pods Resources";
			outputPaths = (
			);
			runOnlyForDeploymentPostprocessing = 0;
			shellPath = /bin/sh;
			shellScript = "\"${SRCROOT}/Pods/Target Support Files/Pods-ParkerlyTests/Pods-ParkerlyTests-resources.sh\"\n";
			showEnvVarsInLog = 0;
		};
		F1F1CBBE725F61051D826B12 /* [CP] Embed Pods Frameworks */ = {
			isa = PBXShellScriptBuildPhase;
			buildActionMask = 2147483647;
			files = (
			);
			inputPaths = (
			);
			name = "[CP] Embed Pods Frameworks";
			outputPaths = (
			);
			runOnlyForDeploymentPostprocessing = 0;
			shellPath = /bin/sh;
			shellScript = "\"${SRCROOT}/Pods/Target Support Files/Pods-ParkerlyTests/Pods-ParkerlyTests-frameworks.sh\"\n";
			showEnvVarsInLog = 0;
		};
/* End PBXShellScriptBuildPhase section */

/* Begin PBXSourcesBuildPhase section */
		756A369E1FFC14C000C81E72 /* Sources */ = {
			isa = PBXSourcesBuildPhase;
			buildActionMask = 2147483647;
			files = (
				F5AEB91EBC2B871D210ABC44 /* ServiceLocator.swift in Sources */,
				F5AEBA8C4F792FE20818D5BC /* CollectionExtensions.swift in Sources */,
			);
			runOnlyForDeploymentPostprocessing = 0;
		};
		756A36A71FFC14C100C81E72 /* Sources */ = {
			isa = PBXSourcesBuildPhase;
			buildActionMask = 2147483647;
			files = (
				756A36B31FFC14C100C81E72 /* ParkerlyCoreTests.swift in Sources */,
			);
			runOnlyForDeploymentPostprocessing = 0;
		};
		75AB8CCC1FFBC57B0058297C /* Sources */ = {
			isa = PBXSourcesBuildPhase;
			buildActionMask = 2147483647;
			files = (
				F5AEBB59DE124E570852158F /* RootViewController.swift in Sources */,
				F5AEBE80A4FC2EF72F87B492 /* ContainerViewController.swift in Sources */,
				F5AEB8239D6D93B51D875B96 /* UIViewControllerExtensions.swift in Sources */,
				F5AEBD2D4F9E05B7F9C1ACA5 /* UIViewExtensions.swift in Sources */,
				F5AEBA15AE1B87B3D1F07339 /* AppDelegate.swift in Sources */,
				F5AEBBD7B93D40A25091B7CC /* AppCoordinator.swift in Sources */,
				F5AEBE14F2CD9695536F3F2D /* LoginCoordinator.swift in Sources */,
				F5AEBB3BABE95803B17E7F64 /* FilledButton.swift in Sources */,
				F5AEBA07E6CE60657699338F /* AbstractTableWithButtonViewController.swift in Sources */,
				F5AEB99CFF46F750C7B604EA /* AbstractTableWithButtonView.swift in Sources */,
				F5AEBF597B6ACDDC59AAB9B3 /* AbstractTableWithButtonViewModel.swift in Sources */,
				F5AEB79B7EDFACF55B89B47A /* TableSectionDataSource.swift in Sources */,
				F5AEB49D13A2BBE19BB17E3E /* FlowCoordinator.swift in Sources */,
			);
			runOnlyForDeploymentPostprocessing = 0;
		};
		75AB8CE01FFBC57B0058297C /* Sources */ = {
			isa = PBXSourcesBuildPhase;
			buildActionMask = 2147483647;
			files = (
				75AB8CE91FFBC57B0058297C /* ParkerlyTests.swift in Sources */,
			);
			runOnlyForDeploymentPostprocessing = 0;
		};
/* End PBXSourcesBuildPhase section */

/* Begin PBXTargetDependency section */
		756A36AE1FFC14C100C81E72 /* PBXTargetDependency */ = {
			isa = PBXTargetDependency;
			target = 756A36A21FFC14C000C81E72 /* ParkerlyCore */;
			targetProxy = 756A36AD1FFC14C100C81E72 /* PBXContainerItemProxy */;
		};
		756A36B01FFC14C100C81E72 /* PBXTargetDependency */ = {
			isa = PBXTargetDependency;
			target = 75AB8CCF1FFBC57B0058297C /* Parkerly */;
			targetProxy = 756A36AF1FFC14C100C81E72 /* PBXContainerItemProxy */;
		};
		756A36B71FFC14C100C81E72 /* PBXTargetDependency */ = {
			isa = PBXTargetDependency;
			target = 756A36A21FFC14C000C81E72 /* ParkerlyCore */;
			targetProxy = 756A36B61FFC14C100C81E72 /* PBXContainerItemProxy */;
		};
		75AB8CE61FFBC57B0058297C /* PBXTargetDependency */ = {
			isa = PBXTargetDependency;
			target = 75AB8CCF1FFBC57B0058297C /* Parkerly */;
			targetProxy = 75AB8CE51FFBC57B0058297C /* PBXContainerItemProxy */;
		};
/* End PBXTargetDependency section */

/* Begin PBXVariantGroup section */
		F5AEB537E1598673EDDF193C /* LaunchScreen.storyboard */ = {
			isa = PBXVariantGroup;
			children = (
				F5AEB788AE6F33938B93ADAB /* Base */,
			);
			name = LaunchScreen.storyboard;
			sourceTree = "<group>";
		};
/* End PBXVariantGroup section */

/* Begin XCBuildConfiguration section */
		756A36BA1FFC14C100C81E72 /* Debug */ = {
			isa = XCBuildConfiguration;
			buildSettings = {
				CODE_SIGN_IDENTITY = "";
				CODE_SIGN_STYLE = Automatic;
				CURRENT_PROJECT_VERSION = 1;
				DEFINES_MODULE = YES;
				DYLIB_COMPATIBILITY_VERSION = 1;
				DYLIB_CURRENT_VERSION = 1;
				DYLIB_INSTALL_NAME_BASE = "@rpath";
				INFOPLIST_FILE = ParkerlyCore/Info.plist;
				INSTALL_PATH = "$(LOCAL_LIBRARY_DIR)/Frameworks";
				IPHONEOS_DEPLOYMENT_TARGET = 11.0;
				LD_RUNPATH_SEARCH_PATHS = "$(inherited) @executable_path/Frameworks @loader_path/Frameworks";
				PRODUCT_BUNDLE_IDENTIFIER = me.zmicier.ParkerlyCore;
				PRODUCT_NAME = "$(TARGET_NAME:c99extidentifier)";
				SKIP_INSTALL = YES;
				SWIFT_VERSION = 4.0;
				TARGETED_DEVICE_FAMILY = "1,2";
				VERSIONING_SYSTEM = "apple-generic";
				VERSION_INFO_PREFIX = "";
			};
			name = Debug;
		};
		756A36BB1FFC14C100C81E72 /* Release */ = {
			isa = XCBuildConfiguration;
			buildSettings = {
				CODE_SIGN_IDENTITY = "";
				CODE_SIGN_STYLE = Automatic;
				CURRENT_PROJECT_VERSION = 1;
				DEFINES_MODULE = YES;
				DYLIB_COMPATIBILITY_VERSION = 1;
				DYLIB_CURRENT_VERSION = 1;
				DYLIB_INSTALL_NAME_BASE = "@rpath";
				INFOPLIST_FILE = ParkerlyCore/Info.plist;
				INSTALL_PATH = "$(LOCAL_LIBRARY_DIR)/Frameworks";
				IPHONEOS_DEPLOYMENT_TARGET = 11.0;
				LD_RUNPATH_SEARCH_PATHS = "$(inherited) @executable_path/Frameworks @loader_path/Frameworks";
				PRODUCT_BUNDLE_IDENTIFIER = me.zmicier.ParkerlyCore;
				PRODUCT_NAME = "$(TARGET_NAME:c99extidentifier)";
				SKIP_INSTALL = YES;
				SWIFT_VERSION = 4.0;
				TARGETED_DEVICE_FAMILY = "1,2";
				VERSIONING_SYSTEM = "apple-generic";
				VERSION_INFO_PREFIX = "";
			};
			name = Release;
		};
		756A36BC1FFC14C100C81E72 /* Debug */ = {
			isa = XCBuildConfiguration;
			buildSettings = {
				ALWAYS_EMBED_SWIFT_STANDARD_LIBRARIES = YES;
				CODE_SIGN_STYLE = Automatic;
				INFOPLIST_FILE = ParkerlyCoreTests/Info.plist;
				LD_RUNPATH_SEARCH_PATHS = "$(inherited) @executable_path/Frameworks @loader_path/Frameworks";
				PRODUCT_BUNDLE_IDENTIFIER = me.zmicier.ParkerlyCoreTests;
				PRODUCT_NAME = "$(TARGET_NAME)";
				SWIFT_VERSION = 4.0;
				TARGETED_DEVICE_FAMILY = "1,2";
				TEST_HOST = "$(BUILT_PRODUCTS_DIR)/Parkerly.app/Parkerly";
			};
			name = Debug;
		};
		756A36BD1FFC14C100C81E72 /* Release */ = {
			isa = XCBuildConfiguration;
			buildSettings = {
				ALWAYS_EMBED_SWIFT_STANDARD_LIBRARIES = YES;
				CODE_SIGN_STYLE = Automatic;
				INFOPLIST_FILE = ParkerlyCoreTests/Info.plist;
				LD_RUNPATH_SEARCH_PATHS = "$(inherited) @executable_path/Frameworks @loader_path/Frameworks";
				PRODUCT_BUNDLE_IDENTIFIER = me.zmicier.ParkerlyCoreTests;
				PRODUCT_NAME = "$(TARGET_NAME)";
				SWIFT_VERSION = 4.0;
				TARGETED_DEVICE_FAMILY = "1,2";
				TEST_HOST = "$(BUILT_PRODUCTS_DIR)/Parkerly.app/Parkerly";
			};
			name = Release;
		};
		75AB8CEB1FFBC57B0058297C /* Debug */ = {
			isa = XCBuildConfiguration;
			buildSettings = {
				ALWAYS_SEARCH_USER_PATHS = NO;
				CLANG_ANALYZER_NONNULL = YES;
				CLANG_ANALYZER_NUMBER_OBJECT_CONVERSION = YES_AGGRESSIVE;
				CLANG_CXX_LANGUAGE_STANDARD = "gnu++14";
				CLANG_CXX_LIBRARY = "libc++";
				CLANG_ENABLE_MODULES = YES;
				CLANG_ENABLE_OBJC_ARC = YES;
				CLANG_WARN_BLOCK_CAPTURE_AUTORELEASING = YES;
				CLANG_WARN_BOOL_CONVERSION = YES;
				CLANG_WARN_COMMA = YES;
				CLANG_WARN_CONSTANT_CONVERSION = YES;
				CLANG_WARN_DIRECT_OBJC_ISA_USAGE = YES_ERROR;
				CLANG_WARN_DOCUMENTATION_COMMENTS = YES;
				CLANG_WARN_EMPTY_BODY = YES;
				CLANG_WARN_ENUM_CONVERSION = YES;
				CLANG_WARN_INFINITE_RECURSION = YES;
				CLANG_WARN_INT_CONVERSION = YES;
				CLANG_WARN_NON_LITERAL_NULL_CONVERSION = YES;
				CLANG_WARN_OBJC_LITERAL_CONVERSION = YES;
				CLANG_WARN_OBJC_ROOT_CLASS = YES_ERROR;
				CLANG_WARN_RANGE_LOOP_ANALYSIS = YES;
				CLANG_WARN_STRICT_PROTOTYPES = YES;
				CLANG_WARN_SUSPICIOUS_MOVE = YES;
				CLANG_WARN_UNGUARDED_AVAILABILITY = YES_AGGRESSIVE;
				CLANG_WARN_UNREACHABLE_CODE = YES;
				CLANG_WARN__DUPLICATE_METHOD_MATCH = YES;
				CODE_SIGN_IDENTITY = "iPhone Developer";
				COPY_PHASE_STRIP = NO;
				DEBUG_INFORMATION_FORMAT = dwarf;
				ENABLE_STRICT_OBJC_MSGSEND = YES;
				ENABLE_TESTABILITY = YES;
				GCC_C_LANGUAGE_STANDARD = gnu11;
				GCC_DYNAMIC_NO_PIC = NO;
				GCC_NO_COMMON_BLOCKS = YES;
				GCC_OPTIMIZATION_LEVEL = 0;
				GCC_PREPROCESSOR_DEFINITIONS = (
					"DEBUG=1",
					"$(inherited)",
				);
				GCC_WARN_64_TO_32_BIT_CONVERSION = YES;
				GCC_WARN_ABOUT_RETURN_TYPE = YES_ERROR;
				GCC_WARN_UNDECLARED_SELECTOR = YES;
				GCC_WARN_UNINITIALIZED_AUTOS = YES_AGGRESSIVE;
				GCC_WARN_UNUSED_FUNCTION = YES;
				GCC_WARN_UNUSED_VARIABLE = YES;
				IPHONEOS_DEPLOYMENT_TARGET = 11.2;
				MTL_ENABLE_DEBUG_INFO = YES;
				ONLY_ACTIVE_ARCH = YES;
				SDKROOT = iphoneos;
				SWIFT_ACTIVE_COMPILATION_CONDITIONS = DEBUG;
				SWIFT_OPTIMIZATION_LEVEL = "-Onone";
			};
			name = Debug;
		};
		75AB8CEC1FFBC57B0058297C /* Release */ = {
			isa = XCBuildConfiguration;
			buildSettings = {
				ALWAYS_SEARCH_USER_PATHS = NO;
				CLANG_ANALYZER_NONNULL = YES;
				CLANG_ANALYZER_NUMBER_OBJECT_CONVERSION = YES_AGGRESSIVE;
				CLANG_CXX_LANGUAGE_STANDARD = "gnu++14";
				CLANG_CXX_LIBRARY = "libc++";
				CLANG_ENABLE_MODULES = YES;
				CLANG_ENABLE_OBJC_ARC = YES;
				CLANG_WARN_BLOCK_CAPTURE_AUTORELEASING = YES;
				CLANG_WARN_BOOL_CONVERSION = YES;
				CLANG_WARN_COMMA = YES;
				CLANG_WARN_CONSTANT_CONVERSION = YES;
				CLANG_WARN_DIRECT_OBJC_ISA_USAGE = YES_ERROR;
				CLANG_WARN_DOCUMENTATION_COMMENTS = YES;
				CLANG_WARN_EMPTY_BODY = YES;
				CLANG_WARN_ENUM_CONVERSION = YES;
				CLANG_WARN_INFINITE_RECURSION = YES;
				CLANG_WARN_INT_CONVERSION = YES;
				CLANG_WARN_NON_LITERAL_NULL_CONVERSION = YES;
				CLANG_WARN_OBJC_LITERAL_CONVERSION = YES;
				CLANG_WARN_OBJC_ROOT_CLASS = YES_ERROR;
				CLANG_WARN_RANGE_LOOP_ANALYSIS = YES;
				CLANG_WARN_STRICT_PROTOTYPES = YES;
				CLANG_WARN_SUSPICIOUS_MOVE = YES;
				CLANG_WARN_UNGUARDED_AVAILABILITY = YES_AGGRESSIVE;
				CLANG_WARN_UNREACHABLE_CODE = YES;
				CLANG_WARN__DUPLICATE_METHOD_MATCH = YES;
				CODE_SIGN_IDENTITY = "iPhone Developer";
				COPY_PHASE_STRIP = NO;
				DEBUG_INFORMATION_FORMAT = "dwarf-with-dsym";
				ENABLE_NS_ASSERTIONS = NO;
				ENABLE_STRICT_OBJC_MSGSEND = YES;
				GCC_C_LANGUAGE_STANDARD = gnu11;
				GCC_NO_COMMON_BLOCKS = YES;
				GCC_WARN_64_TO_32_BIT_CONVERSION = YES;
				GCC_WARN_ABOUT_RETURN_TYPE = YES_ERROR;
				GCC_WARN_UNDECLARED_SELECTOR = YES;
				GCC_WARN_UNINITIALIZED_AUTOS = YES_AGGRESSIVE;
				GCC_WARN_UNUSED_FUNCTION = YES;
				GCC_WARN_UNUSED_VARIABLE = YES;
				IPHONEOS_DEPLOYMENT_TARGET = 11.2;
				MTL_ENABLE_DEBUG_INFO = NO;
				SDKROOT = iphoneos;
				SWIFT_OPTIMIZATION_LEVEL = "-Owholemodule";
				VALIDATE_PRODUCT = YES;
			};
			name = Release;
		};
		75AB8CEE1FFBC57B0058297C /* Debug */ = {
			isa = XCBuildConfiguration;
			baseConfigurationReference = 83A6C6FE0FD2BC1D420D2878 /* Pods-Parkerly.debug.xcconfig */;
			buildSettings = {
				ASSETCATALOG_COMPILER_APPICON_NAME = AppIcon;
				CODE_SIGN_STYLE = Automatic;
				INFOPLIST_FILE = "$(SRCROOT)/Parkerly/Launch/Info.plist";
				IPHONEOS_DEPLOYMENT_TARGET = 11.0;
				LD_RUNPATH_SEARCH_PATHS = "$(inherited) @executable_path/Frameworks";
				PRODUCT_BUNDLE_IDENTIFIER = me.zmicier.Parkerly;
				PRODUCT_NAME = "$(TARGET_NAME)";
				SWIFT_VERSION = 4.0;
				TARGETED_DEVICE_FAMILY = 1;
			};
			name = Debug;
		};
		75AB8CEF1FFBC57B0058297C /* Release */ = {
			isa = XCBuildConfiguration;
			baseConfigurationReference = FC63E1BB0F8BB7FDEDBB2467 /* Pods-Parkerly.release.xcconfig */;
			buildSettings = {
				ASSETCATALOG_COMPILER_APPICON_NAME = AppIcon;
				CODE_SIGN_STYLE = Automatic;
				INFOPLIST_FILE = "$(SRCROOT)/Parkerly/Launch/Info.plist";
				IPHONEOS_DEPLOYMENT_TARGET = 11.0;
				LD_RUNPATH_SEARCH_PATHS = "$(inherited) @executable_path/Frameworks";
				PRODUCT_BUNDLE_IDENTIFIER = me.zmicier.Parkerly;
				PRODUCT_NAME = "$(TARGET_NAME)";
				SWIFT_VERSION = 4.0;
				TARGETED_DEVICE_FAMILY = 1;
			};
			name = Release;
		};
		75AB8CF11FFBC57B0058297C /* Debug */ = {
			isa = XCBuildConfiguration;
			baseConfigurationReference = 6A0059673C3008EF4DAAFA81 /* Pods-ParkerlyTests.debug.xcconfig */;
			buildSettings = {
				ALWAYS_EMBED_SWIFT_STANDARD_LIBRARIES = YES;
				BUNDLE_LOADER = "$(TEST_HOST)";
				CODE_SIGN_STYLE = Automatic;
				INFOPLIST_FILE = ParkerlyTests/Info.plist;
				LD_RUNPATH_SEARCH_PATHS = "$(inherited) @executable_path/Frameworks @loader_path/Frameworks";
				PRODUCT_BUNDLE_IDENTIFIER = me.zmicier.ParkerlyTests;
				PRODUCT_NAME = "$(TARGET_NAME)";
				SWIFT_VERSION = 4.0;
				TARGETED_DEVICE_FAMILY = "1,2";
				TEST_HOST = "$(BUILT_PRODUCTS_DIR)/Parkerly.app/Parkerly";
			};
			name = Debug;
		};
		75AB8CF21FFBC57B0058297C /* Release */ = {
			isa = XCBuildConfiguration;
			baseConfigurationReference = 5E263CFE71A3FE861F16ADA8 /* Pods-ParkerlyTests.release.xcconfig */;
			buildSettings = {
				ALWAYS_EMBED_SWIFT_STANDARD_LIBRARIES = YES;
				BUNDLE_LOADER = "$(TEST_HOST)";
				CODE_SIGN_STYLE = Automatic;
				INFOPLIST_FILE = ParkerlyTests/Info.plist;
				LD_RUNPATH_SEARCH_PATHS = "$(inherited) @executable_path/Frameworks @loader_path/Frameworks";
				PRODUCT_BUNDLE_IDENTIFIER = me.zmicier.ParkerlyTests;
				PRODUCT_NAME = "$(TARGET_NAME)";
				SWIFT_VERSION = 4.0;
				TARGETED_DEVICE_FAMILY = "1,2";
				TEST_HOST = "$(BUILT_PRODUCTS_DIR)/Parkerly.app/Parkerly";
			};
			name = Release;
		};
/* End XCBuildConfiguration section */

/* Begin XCConfigurationList section */
		756A36BE1FFC14C100C81E72 /* Build configuration list for PBXNativeTarget "ParkerlyCore" */ = {
			isa = XCConfigurationList;
			buildConfigurations = (
				756A36BA1FFC14C100C81E72 /* Debug */,
				756A36BB1FFC14C100C81E72 /* Release */,
			);
			defaultConfigurationIsVisible = 0;
			defaultConfigurationName = Release;
		};
		756A36C01FFC14C100C81E72 /* Build configuration list for PBXNativeTarget "ParkerlyCoreTests" */ = {
			isa = XCConfigurationList;
			buildConfigurations = (
				756A36BC1FFC14C100C81E72 /* Debug */,
				756A36BD1FFC14C100C81E72 /* Release */,
			);
			defaultConfigurationIsVisible = 0;
			defaultConfigurationName = Release;
		};
		75AB8CCB1FFBC57B0058297C /* Build configuration list for PBXProject "Parkerly" */ = {
			isa = XCConfigurationList;
			buildConfigurations = (
				75AB8CEB1FFBC57B0058297C /* Debug */,
				75AB8CEC1FFBC57B0058297C /* Release */,
			);
			defaultConfigurationIsVisible = 0;
			defaultConfigurationName = Release;
		};
		75AB8CED1FFBC57B0058297C /* Build configuration list for PBXNativeTarget "Parkerly" */ = {
			isa = XCConfigurationList;
			buildConfigurations = (
				75AB8CEE1FFBC57B0058297C /* Debug */,
				75AB8CEF1FFBC57B0058297C /* Release */,
			);
			defaultConfigurationIsVisible = 0;
			defaultConfigurationName = Release;
		};
		75AB8CF01FFBC57B0058297C /* Build configuration list for PBXNativeTarget "ParkerlyTests" */ = {
			isa = XCConfigurationList;
			buildConfigurations = (
				75AB8CF11FFBC57B0058297C /* Debug */,
				75AB8CF21FFBC57B0058297C /* Release */,
			);
			defaultConfigurationIsVisible = 0;
			defaultConfigurationName = Release;
		};
/* End XCConfigurationList section */
	};
	rootObject = 75AB8CC81FFBC57B0058297C /* Project object */;
}
